
Microsoft Visual Studio Solution File, Format Version 12.00
# Visual Studio 15
VisualStudioVersion = 15.0.28307.168
MinimumVisualStudioVersion = 10.0.40219.1
Project("{FAE04EC0-301F-11D3-BF4B-00C04F79EFBC}") = "cherry-pick-demo-service", "cherry-pick-demo-service\cherry-pick-demo-service.csproj", "{62FBF148-625B-49B8-9AD9-FB5476D24D9E}"
EndProject
Global
	GlobalSection(SolutionConfigurationPlatforms) = preSolution
		Debug|Any CPU = Debug|Any CPU
		Release|Any CPU = Release|Any CPU
	EndGlobalSection
	GlobalSection(ProjectConfigurationPlatforms) = postSolution
		{62FBF148-625B-49B8-9AD9-FB5476D24D9E}.Debug|Any CPU.ActiveCfg = Debug|Any CPU
		{62FBF148-625B-49B8-9AD9-FB5476D24D9E}.Debug|Any CPU.Build.0 = Debug|Any CPU
		{62FBF148-625B-49B8-9AD9-FB5476D24D9E}.Release|Any CPU.ActiveCfg = Release|Any CPU
		{62FBF148-625B-49B8-9AD9-FB5476D24D9E}.Release|Any CPU.Build.0 = Release|Any CPU
	EndGlobalSection
	GlobalSection(SolutionProperties) = preSolution
		HideSolutionNode = FALSE
	EndGlobalSection
	GlobalSection(ExtensibilityGlobals) = postSolution
		SolutionGuid = {AED58820-3D59-42B1-8C0B-2035D6B87C56}
	EndGlobalSection
EndGlobal
